
Microsoft Visual Studio Solution File, Format Version 12.00
# Visual Studio Version 17
VisualStudioVersion = 17.0.31903.59
MinimumVisualStudioVersion = 10.0.40219.1
Project("{2150E333-8FDC-42A3-9474-1A3956D46DE8}") = "Services", "Services", "{A910A1F7-6062-40F4-BBC3-8C387F6192F5}"
EndProject
Project("{2150E333-8FDC-42A3-9474-1A3956D46DE8}") = "BasketService", "BasketService", "{670E714C-1319-44A7-8B6E-4D81688A7E9D}"
EndProject
Project("{9A19103F-16F7-4668-BE54-9A1E7A4F7556}") = "BasketService.Api", "Services\BasketService\BasketService.Api\BasketService.Api.csproj", "{7C7B132D-15CE-4E44-BFFB-93972048A878}"
EndProject
Project("{2150E333-8FDC-42A3-9474-1A3956D46DE8}") = "CatalogService", "CatalogService", "{7B13C8A0-FD4D-4052-8DBC-626CAB4B9B90}"
EndProject
Project("{9A19103F-16F7-4668-BE54-9A1E7A4F7556}") = "CatalogService.Api", "Services\CatalogService\CatalogService.Api\CatalogService.Api.csproj", "{A63C4A26-98B0-4377-A047-8F245977B6A9}"
EndProject
Project("{2150E333-8FDC-42A3-9474-1A3956D46DE8}") = "IdentityService", "IdentityService", "{9DA92D90-9592-429A-BECA-411F59D00F20}"
EndProject
Project("{2150E333-8FDC-42A3-9474-1A3956D46DE8}") = "NotificationService", "NotificationService", "{D42865CA-745F-4FEA-A505-3FF8BF3B8680}"
EndProject
Project("{9A19103F-16F7-4668-BE54-9A1E7A4F7556}") = "NotificationService.Api", "Services\NotificationService\NotificationService.Api\NotificationService.Api.csproj", "{89B63BF1-8853-4EBC-AB87-E4D4285AF7AB}"
EndProject
Project("{2150E333-8FDC-42A3-9474-1A3956D46DE8}") = "OrderService", "OrderService", "{84A06B71-331B-4B29-91C7-602ABC1D10C2}"
EndProject
Project("{9A19103F-16F7-4668-BE54-9A1E7A4F7556}") = "OrderService.Api", "Services\OrderService\OrderService.Api\OrderService.Api.csproj", "{67DD8A66-49D8-4961-96C5-6D7FE737C72D}"
EndProject
Project("{2150E333-8FDC-42A3-9474-1A3956D46DE8}") = "ApiGateway", "ApiGateway", "{81E5C622-2F6A-4266-A750-728A173930A3}"
EndProject
Project("{2150E333-8FDC-42A3-9474-1A3956D46DE8}") = "Shared", "Shared", "{79A5D316-2BB5-45AA-9618-C72C4C57AF8B}"
EndProject
Project("{9A19103F-16F7-4668-BE54-9A1E7A4F7556}") = "CorePackage", "Shared\CorePackage\CorePackage.csproj", "{9796AAE9-E7B7-4510-8673-647677C0AC49}"
EndProject
Project("{9A19103F-16F7-4668-BE54-9A1E7A4F7556}") = "CatalogService.DataAccess", "Services\CatalogService\CatalogService.DataAccess\CatalogService.DataAccess.csproj", "{CC4B45EA-002C-44F3-9636-EDD57E9B8CC2}"
EndProject
Project("{9A19103F-16F7-4668-BE54-9A1E7A4F7556}") = "CatalogService.Business", "Services\CatalogService\CatalogService.Business\CatalogService.Business.csproj", "{B61264B8-4723-4666-B92A-13EA86184528}"
EndProject
Project("{9A19103F-16F7-4668-BE54-9A1E7A4F7556}") = "CatalogService.Entities", "Services\CatalogService\CatalogService.Entities\CatalogService.Entities.csproj", "{B56F913A-53A6-4377-8540-D661AC443382}"
EndProject
Project("{9A19103F-16F7-4668-BE54-9A1E7A4F7556}") = "IdentityService.Api", "Services\IdentityService\IdentityService.Api\IdentityService.Api.csproj", "{A9809C9A-5EA1-42B6-97FC-458469BC2B87}"
EndProject
Project("{9A19103F-16F7-4668-BE54-9A1E7A4F7556}") = "IdentityService.Business", "Services\IdentityService\IdentityService.Business\IdentityService.Business.csproj", "{9493A456-75F3-4098-8C6C-BCE369602132}"
EndProject
Project("{9A19103F-16F7-4668-BE54-9A1E7A4F7556}") = "IdentityService.DataAccess", "Services\IdentityService\IdentityService.DataAccess\IdentityService.DataAccess.csproj", "{233D7990-E423-4AF3-A272-3D4C16E00E23}"
EndProject
Project("{9A19103F-16F7-4668-BE54-9A1E7A4F7556}") = "IdentityService.Entities", "Services\IdentityService\IdentityService.Entities\IdentityService.Entities.csproj", "{206CE61C-CB5A-4C60-B50A-4AA485C00EB2}"
EndProject
Project("{9A19103F-16F7-4668-BE54-9A1E7A4F7556}") = "BasketService.DataAccess", "Services\BasketService\BasketService.DataAccess\BasketService.DataAccess.csproj", "{DBF2694C-9864-4EF1-A49A-A8C0C583ACD5}"
EndProject
Project("{9A19103F-16F7-4668-BE54-9A1E7A4F7556}") = "BasketService.Entities", "Services\BasketService\BasketService.Entities\BasketService.Entities.csproj", "{0B929842-6981-4B36-A161-37E8F14C809B}"
EndProject
Project("{9A19103F-16F7-4668-BE54-9A1E7A4F7556}") = "BasketService.Business", "Services\BasketService\BasketService.Business\BasketService.Business.csproj", "{56E5E902-071B-4044-84B0-3873B612DE73}"
EndProject
Project("{9A19103F-16F7-4668-BE54-9A1E7A4F7556}") = "OrderService.DataAccess", "Services\OrderService\OrderService.DataAccess\OrderService.DataAccess.csproj", "{C5A9F133-676C-4746-B7EE-E4A2EFA2E591}"
EndProject
Project("{9A19103F-16F7-4668-BE54-9A1E7A4F7556}") = "OrderService.Entities", "Services\OrderService\OrderService.Entities\OrderService.Entities.csproj", "{B5F2A2BD-B768-4A0D-95AC-EB3D79C45E83}"
EndProject
Project("{9A19103F-16F7-4668-BE54-9A1E7A4F7556}") = "OrderService.Business", "Services\OrderService\OrderService.Business\OrderService.Business.csproj", "{294C6950-3994-403A-84F6-C311D7ED9995}"
EndProject
Project("{2150E333-8FDC-42A3-9474-1A3956D46DE8}") = "Элементы решения", "Элементы решения", "{8040CAD9-3D2B-4160-B453-47AB1927145D}"
	ProjectSection(SolutionItems) = preProject
		Ports.txt = Ports.txt
	EndProjectSection
EndProject
Project("{FAE04EC0-301F-11D3-BF4B-00C04F79EFBC}") = "ApiGateway.Api", "ApiGateway\ApiGateway.Api\ApiGateway.Api.csproj", "{A64B3B9B-5AB4-47AD-806B-37B090C0503D}"
EndProject
Global
	GlobalSection(SolutionConfigurationPlatforms) = preSolution
		Debug|Any CPU = Debug|Any CPU
		Release|Any CPU = Release|Any CPU
	EndGlobalSection
	GlobalSection(ProjectConfigurationPlatforms) = postSolution
		{7C7B132D-15CE-4E44-BFFB-93972048A878}.Debug|Any CPU.ActiveCfg = Debug|Any CPU
		{7C7B132D-15CE-4E44-BFFB-93972048A878}.Debug|Any CPU.Build.0 = Debug|Any CPU
		{7C7B132D-15CE-4E44-BFFB-93972048A878}.Release|Any CPU.ActiveCfg = Release|Any CPU
		{7C7B132D-15CE-4E44-BFFB-93972048A878}.Release|Any CPU.Build.0 = Release|Any CPU
		{A63C4A26-98B0-4377-A047-8F245977B6A9}.Debug|Any CPU.ActiveCfg = Debug|Any CPU
		{A63C4A26-98B0-4377-A047-8F245977B6A9}.Debug|Any CPU.Build.0 = Debug|Any CPU
		{A63C4A26-98B0-4377-A047-8F245977B6A9}.Release|Any CPU.ActiveCfg = Release|Any CPU
		{A63C4A26-98B0-4377-A047-8F245977B6A9}.Release|Any CPU.Build.0 = Release|Any CPU
		{89B63BF1-8853-4EBC-AB87-E4D4285AF7AB}.Debug|Any CPU.ActiveCfg = Debug|Any CPU
		{89B63BF1-8853-4EBC-AB87-E4D4285AF7AB}.Debug|Any CPU.Build.0 = Debug|Any CPU
		{89B63BF1-8853-4EBC-AB87-E4D4285AF7AB}.Release|Any CPU.ActiveCfg = Release|Any CPU
		{89B63BF1-8853-4EBC-AB87-E4D4285AF7AB}.Release|Any CPU.Build.0 = Release|Any CPU
		{67DD8A66-49D8-4961-96C5-6D7FE737C72D}.Debug|Any CPU.ActiveCfg = Debug|Any CPU
		{67DD8A66-49D8-4961-96C5-6D7FE737C72D}.Debug|Any CPU.Build.0 = Debug|Any CPU
		{67DD8A66-49D8-4961-96C5-6D7FE737C72D}.Release|Any CPU.ActiveCfg = Release|Any CPU
		{67DD8A66-49D8-4961-96C5-6D7FE737C72D}.Release|Any CPU.Build.0 = Release|Any CPU
		{9796AAE9-E7B7-4510-8673-647677C0AC49}.Debug|Any CPU.ActiveCfg = Debug|Any CPU
		{9796AAE9-E7B7-4510-8673-647677C0AC49}.Debug|Any CPU.Build.0 = Debug|Any CPU
		{9796AAE9-E7B7-4510-8673-647677C0AC49}.Release|Any CPU.ActiveCfg = Release|Any CPU
		{9796AAE9-E7B7-4510-8673-647677C0AC49}.Release|Any CPU.Build.0 = Release|Any CPU
		{CC4B45EA-002C-44F3-9636-EDD57E9B8CC2}.Debug|Any CPU.ActiveCfg = Debug|Any CPU
		{CC4B45EA-002C-44F3-9636-EDD57E9B8CC2}.Debug|Any CPU.Build.0 = Debug|Any CPU
		{CC4B45EA-002C-44F3-9636-EDD57E9B8CC2}.Release|Any CPU.ActiveCfg = Release|Any CPU
		{CC4B45EA-002C-44F3-9636-EDD57E9B8CC2}.Release|Any CPU.Build.0 = Release|Any CPU
		{B61264B8-4723-4666-B92A-13EA86184528}.Debug|Any CPU.ActiveCfg = Debug|Any CPU
		{B61264B8-4723-4666-B92A-13EA86184528}.Debug|Any CPU.Build.0 = Debug|Any CPU
		{B61264B8-4723-4666-B92A-13EA86184528}.Release|Any CPU.ActiveCfg = Release|Any CPU
		{B61264B8-4723-4666-B92A-13EA86184528}.Release|Any CPU.Build.0 = Release|Any CPU
		{B56F913A-53A6-4377-8540-D661AC443382}.Debug|Any CPU.ActiveCfg = Debug|Any CPU
		{B56F913A-53A6-4377-8540-D661AC443382}.Debug|Any CPU.Build.0 = Debug|Any CPU
		{B56F913A-53A6-4377-8540-D661AC443382}.Release|Any CPU.ActiveCfg = Release|Any CPU
		{B56F913A-53A6-4377-8540-D661AC443382}.Release|Any CPU.Build.0 = Release|Any CPU
		{A9809C9A-5EA1-42B6-97FC-458469BC2B87}.Debug|Any CPU.ActiveCfg = Debug|Any CPU
		{A9809C9A-5EA1-42B6-97FC-458469BC2B87}.Debug|Any CPU.Build.0 = Debug|Any CPU
		{A9809C9A-5EA1-42B6-97FC-458469BC2B87}.Release|Any CPU.ActiveCfg = Release|Any CPU
		{A9809C9A-5EA1-42B6-97FC-458469BC2B87}.Release|Any CPU.Build.0 = Release|Any CPU
		{9493A456-75F3-4098-8C6C-BCE369602132}.Debug|Any CPU.ActiveCfg = Debug|Any CPU
		{9493A456-75F3-4098-8C6C-BCE369602132}.Debug|Any CPU.Build.0 = Debug|Any CPU
		{9493A456-75F3-4098-8C6C-BCE369602132}.Release|Any CPU.ActiveCfg = Release|Any CPU
		{9493A456-75F3-4098-8C6C-BCE369602132}.Release|Any CPU.Build.0 = Release|Any CPU
		{233D7990-E423-4AF3-A272-3D4C16E00E23}.Debug|Any CPU.ActiveCfg = Debug|Any CPU
		{233D7990-E423-4AF3-A272-3D4C16E00E23}.Debug|Any CPU.Build.0 = Debug|Any CPU
		{233D7990-E423-4AF3-A272-3D4C16E00E23}.Release|Any CPU.ActiveCfg = Release|Any CPU
		{233D7990-E423-4AF3-A272-3D4C16E00E23}.Release|Any CPU.Build.0 = Release|Any CPU
		{206CE61C-CB5A-4C60-B50A-4AA485C00EB2}.Debug|Any CPU.ActiveCfg = Debug|Any CPU
		{206CE61C-CB5A-4C60-B50A-4AA485C00EB2}.Debug|Any CPU.Build.0 = Debug|Any CPU
		{206CE61C-CB5A-4C60-B50A-4AA485C00EB2}.Release|Any CPU.ActiveCfg = Release|Any CPU
		{206CE61C-CB5A-4C60-B50A-4AA485C00EB2}.Release|Any CPU.Build.0 = Release|Any CPU
		{DBF2694C-9864-4EF1-A49A-A8C0C583ACD5}.Debug|Any CPU.ActiveCfg = Debug|Any CPU
		{DBF2694C-9864-4EF1-A49A-A8C0C583ACD5}.Debug|Any CPU.Build.0 = Debug|Any CPU
		{DBF2694C-9864-4EF1-A49A-A8C0C583ACD5}.Release|Any CPU.ActiveCfg = Release|Any CPU
		{DBF2694C-9864-4EF1-A49A-A8C0C583ACD5}.Release|Any CPU.Build.0 = Release|Any CPU
		{0B929842-6981-4B36-A161-37E8F14C809B}.Debug|Any CPU.ActiveCfg = Debug|Any CPU
		{0B929842-6981-4B36-A161-37E8F14C809B}.Debug|Any CPU.Build.0 = Debug|Any CPU
		{0B929842-6981-4B36-A161-37E8F14C809B}.Release|Any CPU.ActiveCfg = Release|Any CPU
		{0B929842-6981-4B36-A161-37E8F14C809B}.Release|Any CPU.Build.0 = Release|Any CPU
		{56E5E902-071B-4044-84B0-3873B612DE73}.Debug|Any CPU.ActiveCfg = Debug|Any CPU
		{56E5E902-071B-4044-84B0-3873B612DE73}.Debug|Any CPU.Build.0 = Debug|Any CPU
		{56E5E902-071B-4044-84B0-3873B612DE73}.Release|Any CPU.ActiveCfg = Release|Any CPU
		{56E5E902-071B-4044-84B0-3873B612DE73}.Release|Any CPU.Build.0 = Release|Any CPU
		{C5A9F133-676C-4746-B7EE-E4A2EFA2E591}.Debug|Any CPU.ActiveCfg = Debug|Any CPU
		{C5A9F133-676C-4746-B7EE-E4A2EFA2E591}.Debug|Any CPU.Build.0 = Debug|Any CPU
		{C5A9F133-676C-4746-B7EE-E4A2EFA2E591}.Release|Any CPU.ActiveCfg = Release|Any CPU
		{C5A9F133-676C-4746-B7EE-E4A2EFA2E591}.Release|Any CPU.Build.0 = Release|Any CPU
		{B5F2A2BD-B768-4A0D-95AC-EB3D79C45E83}.Debug|Any CPU.ActiveCfg = Debug|Any CPU
		{B5F2A2BD-B768-4A0D-95AC-EB3D79C45E83}.Debug|Any CPU.Build.0 = Debug|Any CPU
		{B5F2A2BD-B768-4A0D-95AC-EB3D79C45E83}.Release|Any CPU.ActiveCfg = Release|Any CPU
		{B5F2A2BD-B768-4A0D-95AC-EB3D79C45E83}.Release|Any CPU.Build.0 = Release|Any CPU
		{294C6950-3994-403A-84F6-C311D7ED9995}.Debug|Any CPU.ActiveCfg = Debug|Any CPU
		{294C6950-3994-403A-84F6-C311D7ED9995}.Debug|Any CPU.Build.0 = Debug|Any CPU
		{294C6950-3994-403A-84F6-C311D7ED9995}.Release|Any CPU.ActiveCfg = Release|Any CPU
		{294C6950-3994-403A-84F6-C311D7ED9995}.Release|Any CPU.Build.0 = Release|Any CPU
		{A64B3B9B-5AB4-47AD-806B-37B090C0503D}.Debug|Any CPU.ActiveCfg = Debug|Any CPU
		{A64B3B9B-5AB4-47AD-806B-37B090C0503D}.Debug|Any CPU.Build.0 = Debug|Any CPU
		{A64B3B9B-5AB4-47AD-806B-37B090C0503D}.Release|Any CPU.ActiveCfg = Release|Any CPU
		{A64B3B9B-5AB4-47AD-806B-37B090C0503D}.Release|Any CPU.Build.0 = Release|Any CPU
	EndGlobalSection
	GlobalSection(SolutionProperties) = preSolution
		HideSolutionNode = FALSE
	EndGlobalSection
	GlobalSection(NestedProjects) = preSolution
		{670E714C-1319-44A7-8B6E-4D81688A7E9D} = {A910A1F7-6062-40F4-BBC3-8C387F6192F5}
		{7C7B132D-15CE-4E44-BFFB-93972048A878} = {670E714C-1319-44A7-8B6E-4D81688A7E9D}
		{7B13C8A0-FD4D-4052-8DBC-626CAB4B9B90} = {A910A1F7-6062-40F4-BBC3-8C387F6192F5}
		{A63C4A26-98B0-4377-A047-8F245977B6A9} = {7B13C8A0-FD4D-4052-8DBC-626CAB4B9B90}
		{9DA92D90-9592-429A-BECA-411F59D00F20} = {A910A1F7-6062-40F4-BBC3-8C387F6192F5}
		{D42865CA-745F-4FEA-A505-3FF8BF3B8680} = {A910A1F7-6062-40F4-BBC3-8C387F6192F5}
		{89B63BF1-8853-4EBC-AB87-E4D4285AF7AB} = {D42865CA-745F-4FEA-A505-3FF8BF3B8680}
		{84A06B71-331B-4B29-91C7-602ABC1D10C2} = {A910A1F7-6062-40F4-BBC3-8C387F6192F5}
		{67DD8A66-49D8-4961-96C5-6D7FE737C72D} = {84A06B71-331B-4B29-91C7-602ABC1D10C2}
		{9796AAE9-E7B7-4510-8673-647677C0AC49} = {79A5D316-2BB5-45AA-9618-C72C4C57AF8B}
		{CC4B45EA-002C-44F3-9636-EDD57E9B8CC2} = {7B13C8A0-FD4D-4052-8DBC-626CAB4B9B90}
		{B61264B8-4723-4666-B92A-13EA86184528} = {7B13C8A0-FD4D-4052-8DBC-626CAB4B9B90}
		{B56F913A-53A6-4377-8540-D661AC443382} = {7B13C8A0-FD4D-4052-8DBC-626CAB4B9B90}
		{A9809C9A-5EA1-42B6-97FC-458469BC2B87} = {9DA92D90-9592-429A-BECA-411F59D00F20}
		{9493A456-75F3-4098-8C6C-BCE369602132} = {9DA92D90-9592-429A-BECA-411F59D00F20}
		{233D7990-E423-4AF3-A272-3D4C16E00E23} = {9DA92D90-9592-429A-BECA-411F59D00F20}
		{206CE61C-CB5A-4C60-B50A-4AA485C00EB2} = {9DA92D90-9592-429A-BECA-411F59D00F20}
		{DBF2694C-9864-4EF1-A49A-A8C0C583ACD5} = {670E714C-1319-44A7-8B6E-4D81688A7E9D}
		{0B929842-6981-4B36-A161-37E8F14C809B} = {670E714C-1319-44A7-8B6E-4D81688A7E9D}
		{56E5E902-071B-4044-84B0-3873B612DE73} = {670E714C-1319-44A7-8B6E-4D81688A7E9D}
		{C5A9F133-676C-4746-B7EE-E4A2EFA2E591} = {84A06B71-331B-4B29-91C7-602ABC1D10C2}
		{B5F2A2BD-B768-4A0D-95AC-EB3D79C45E83} = {84A06B71-331B-4B29-91C7-602ABC1D10C2}
		{294C6950-3994-403A-84F6-C311D7ED9995} = {84A06B71-331B-4B29-91C7-602ABC1D10C2}
		{A64B3B9B-5AB4-47AD-806B-37B090C0503D} = {81E5C622-2F6A-4266-A750-728A173930A3}
	EndGlobalSection
	GlobalSection(ExtensibilityGlobals) = postSolution
		SolutionGuid = {F1CA1AEE-2BF0-4882-81F3-CF6A85849148}
	EndGlobalSection
EndGlobal
